
Microsoft Visual Studio Solution File, Format Version 12.00
# Visual Studio Version 17
VisualStudioVersion = 17.14.36301.6 d17.14
MinimumVisualStudioVersion = 10.0.40219.1
Project("{FAE04EC0-301F-11D3-BF4B-00C04F79EFBC}") = "Day01 EF", "Day01 EF\Day01 EF.csproj", "{ABB1CB9E-29C1-4FB6-A53F-9BD519CF4881}"
EndProject
Global
	GlobalSection(SolutionConfigurationPlatforms) = preSolution
		Debug|Any CPU = Debug|Any CPU
		Release|Any CPU = Release|Any CPU
	EndGlobalSection
	GlobalSection(ProjectConfigurationPlatforms) = postSolution
		{ABB1CB9E-29C1-4FB6-A53F-9BD519CF4881}.Debug|Any CPU.ActiveCfg = Debug|Any CPU
		{ABB1CB9E-29C1-4FB6-A53F-9BD519CF4881}.Debug|Any CPU.Build.0 = Debug|Any CPU
		{ABB1CB9E-29C1-4FB6-A53F-9BD519CF4881}.Release|Any CPU.ActiveCfg = Release|Any CPU
		{ABB1CB9E-29C1-4FB6-A53F-9BD519CF4881}.Release|Any CPU.Build.0 = Release|Any CPU
	EndGlobalSection
	GlobalSection(SolutionProperties) = preSolution
		HideSolutionNode = FALSE
	EndGlobalSection
	GlobalSection(ExtensibilityGlobals) = postSolution
		SolutionGuid = {7D09DB1C-F66C-42AE-97C8-9F81F3CF2EE1}
	EndGlobalSection
EndGlobal
